# THIS IS AN AUTOGENERATED FILE. DO NOT EDIT THIS FILE DIRECTLY.
# yarn lockfile v1


inversify@^5.0.1:
  version "5.0.1"
  resolved "https://registry.yarnpkg.com/inversify/-/inversify-5.0.1.tgz#500d709b1434896ce5a0d58915c4a4210e34fb6e"
  integrity sha512-Ieh06s48WnEYGcqHepdsJUIJUXpwH5o5vodAX+DK2JA/gjy4EbEcQZxw+uFfzysmKjiLXGYwNG3qDZsKVMcINQ==

lodash@^4.17.10:
  version "4.17.10"
  resolved "https://registry.yarnpkg.com/lodash/-/lodash-4.17.10.tgz#1b7793cf7259ea38fb3661d4d38b3260af8ae4e7"

node-fetch@^2.2.0:
  version "2.2.0"
  resolved "https://registry.yarnpkg.com/node-fetch/-/node-fetch-2.2.0.tgz#4ee79bde909262f9775f731e3656d0db55ced5b5"
